
Microsoft Visual Studio Solution File, Format Version 12.00
# Visual Studio 14
VisualStudioVersion = 14.0.25123.0
MinimumVisualStudioVersion = 10.0.40219.1
Project("{FAE04EC0-301F-11D3-BF4B-00C04F79EFBC}") = "AutoPropertyEnhancements", "AutoPropertyEnhancements\AutoPropertyEnhancements.csproj", "{4644F310-EEAF-4AA8-9766-904C801DF51F}"
EndProject
Project("{FAE04EC0-301F-11D3-BF4B-00C04F79EFBC}") = "ExpressionBodiedFunctionMembers", "ExpressionBodiedFunctionMembers\ExpressionBodiedFunctionMembers.csproj", "{CD343C69-7525-475B-A915-EAC37E7BE235}"
EndProject
Project("{FAE04EC0-301F-11D3-BF4B-00C04F79EFBC}") = "UsingStatic", "UsingStatic\UsingStatic.csproj", "{E1214E77-2209-4736-A7EE-4C03D4372E2E}"
EndProject
Project("{FAE04EC0-301F-11D3-BF4B-00C04F79EFBC}") = "IndexInitializers", "IndexInitializers\IndexInitializers.csproj", "{3A48054F-28B7-4F59-8D63-1BC9AB68A3AB}"
EndProject
Project("{FAE04EC0-301F-11D3-BF4B-00C04F79EFBC}") = "StringInterpolation", "StringInterpolation\StringInterpolation.csproj", "{F99B459A-78C5-4F86-8EBB-9184C7AB0EF3}"
EndProject
Global
	GlobalSection(SolutionConfigurationPlatforms) = preSolution
		Debug|Any CPU = Debug|Any CPU
		Release|Any CPU = Release|Any CPU
	EndGlobalSection
	GlobalSection(ProjectConfigurationPlatforms) = postSolution
		{4644F310-EEAF-4AA8-9766-904C801DF51F}.Debug|Any CPU.ActiveCfg = Debug|Any CPU
		{4644F310-EEAF-4AA8-9766-904C801DF51F}.Debug|Any CPU.Build.0 = Debug|Any CPU
		{4644F310-EEAF-4AA8-9766-904C801DF51F}.Release|Any CPU.ActiveCfg = Release|Any CPU
		{4644F310-EEAF-4AA8-9766-904C801DF51F}.Release|Any CPU.Build.0 = Release|Any CPU
		{CD343C69-7525-475B-A915-EAC37E7BE235}.Debug|Any CPU.ActiveCfg = Debug|Any CPU
		{CD343C69-7525-475B-A915-EAC37E7BE235}.Debug|Any CPU.Build.0 = Debug|Any CPU
		{CD343C69-7525-475B-A915-EAC37E7BE235}.Release|Any CPU.ActiveCfg = Release|Any CPU
		{CD343C69-7525-475B-A915-EAC37E7BE235}.Release|Any CPU.Build.0 = Release|Any CPU
		{E1214E77-2209-4736-A7EE-4C03D4372E2E}.Debug|Any CPU.ActiveCfg = Debug|Any CPU
		{E1214E77-2209-4736-A7EE-4C03D4372E2E}.Debug|Any CPU.Build.0 = Debug|Any CPU
		{E1214E77-2209-4736-A7EE-4C03D4372E2E}.Release|Any CPU.ActiveCfg = Release|Any CPU
		{E1214E77-2209-4736-A7EE-4C03D4372E2E}.Release|Any CPU.Build.0 = Release|Any CPU
		{3A48054F-28B7-4F59-8D63-1BC9AB68A3AB}.Debug|Any CPU.ActiveCfg = Debug|Any CPU
		{3A48054F-28B7-4F59-8D63-1BC9AB68A3AB}.Debug|Any CPU.Build.0 = Debug|Any CPU
		{3A48054F-28B7-4F59-8D63-1BC9AB68A3AB}.Release|Any CPU.ActiveCfg = Release|Any CPU
		{3A48054F-28B7-4F59-8D63-1BC9AB68A3AB}.Release|Any CPU.Build.0 = Release|Any CPU
		{F99B459A-78C5-4F86-8EBB-9184C7AB0EF3}.Debug|Any CPU.ActiveCfg = Debug|Any CPU
		{F99B459A-78C5-4F86-8EBB-9184C7AB0EF3}.Debug|Any CPU.Build.0 = Debug|Any CPU
		{F99B459A-78C5-4F86-8EBB-9184C7AB0EF3}.Release|Any CPU.ActiveCfg = Release|Any CPU
		{F99B459A-78C5-4F86-8EBB-9184C7AB0EF3}.Release|Any CPU.Build.0 = Release|Any CPU
	EndGlobalSection
	GlobalSection(SolutionProperties) = preSolution
		HideSolutionNode = FALSE
	EndGlobalSection
EndGlobal
